// !$*UTF8*$!
{
	archiveVersion = 1;
	classes = {
	};
	objectVersion = 55;
	objects = {

/* Begin PBXBuildFile section */
		608D1DFD2715CB8D0094B6AF /* Olexsii_CardApp.swift in Sources */ = {isa = PBXBuildFile; fileRef = 608D1DFC2715CB8D0094B6AF /* Olexsii_CardApp.swift */; };
		608D1DFF2715CB8D0094B6AF /* ContentView.swift in Sources */ = {isa = PBXBuildFile; fileRef = 608D1DFE2715CB8D0094B6AF /* ContentView.swift */; };
		608D1E012715CB8F0094B6AF /* Assets.xcassets in Resources */ = {isa = PBXBuildFile; fileRef = 608D1E002715CB8F0094B6AF /* Assets.xcassets */; };
		608D1E042715CB8F0094B6AF /* Preview Assets.xcassets in Resources */ = {isa = PBXBuildFile; fileRef = 608D1E032715CB8F0094B6AF /* Preview Assets.xcassets */; };
		608D1E1327161B430094B6AF /* InfoView.swift in Sources */ = {isa = PBXBuildFile; fileRef = 608D1E1227161B430094B6AF /* InfoView.swift */; };
		60AAD75127E2067D00E86206 /* README.md in Resources */ = {isa = PBXBuildFile; fileRef = 60AAD75027E2067D00E86206 /* README.md */; };
/* End PBXBuildFile section */

/* Begin PBXFileReference section */
		6087B09D271F3E8B00FCA690 /* Cairo.ttf */ = {isa = PBXFileReference; lastKnownFileType = file; path = Cairo.ttf; sourceTree = "<group>"; };
		6087B09E271F3F7100FCA690 /* SignikaNegative-Regular.ttf */ = {isa = PBXFileReference; lastKnownFileType = file; path = "SignikaNegative-Regular.ttf"; sourceTree = "<group>"; };
		608D1DF92715CB8D0094B6AF /* Olexsii Card.app */ = {isa = PBXFileReference; explicitFileType = wrapper.application; includeInIndex = 0; path = "Olexsii Card.app"; sourceTree = BUILT_PRODUCTS_DIR; };
		608D1DFC2715CB8D0094B6AF /* Olexsii_CardApp.swift */ = {isa = PBXFileReference; lastKnownFileType = sourcecode.swift; path = Olexsii_CardApp.swift; sourceTree = "<group>"; };
		608D1DFE2715CB8D0094B6AF /* ContentView.swift */ = {isa = PBXFileReference; lastKnownFileType = sourcecode.swift; path = ContentView.swift; sourceTree = "<group>"; };
		608D1E002715CB8F0094B6AF /* Assets.xcassets */ = {isa = PBXFileReference; lastKnownFileType = folder.assetcatalog; path = Assets.xcassets; sourceTree = "<group>"; };
		608D1E032715CB8F0094B6AF /* Preview Assets.xcassets */ = {isa = PBXFileReference; lastKnownFileType = folder.assetcatalog; path = "Preview Assets.xcassets"; sourceTree = "<group>"; };
		608D1E0D2715E5280094B6AF /* Olexsii-Card-Info.plist */ = {isa = PBXFileReference; lastKnownFileType = text.plist; path = "Olexsii-Card-Info.plist"; sourceTree = SOURCE_ROOT; };
		608D1E1227161B430094B6AF /* InfoView.swift */ = {isa = PBXFileReference; lastKnownFileType = sourcecode.swift; path = InfoView.swift; sourceTree = "<group>"; };
		60AAD75027E2067D00E86206 /* README.md */ = {isa = PBXFileReference; fileEncoding = 4; lastKnownFileType = net.daringfireball.markdown; path = README.md; sourceTree = SOURCE_ROOT; };
/* End PBXFileReference section */

/* Begin PBXFrameworksBuildPhase section */
		608D1DF62715CB8D0094B6AF /* Frameworks */ = {
			isa = PBXFrameworksBuildPhase;
			buildActionMask = 2147483647;
			files = (
			);
			runOnlyForDeploymentPostprocessing = 0;
		};
/* End PBXFrameworksBuildPhase section */

/* Begin PBXGroup section */
		608D1DF02715CB8D0094B6AF = {
			isa = PBXGroup;
			children = (
				60AAD75027E2067D00E86206 /* README.md */,
				608D1DFB2715CB8D0094B6AF /* Olexsii Card */,
				608D1DFA2715CB8D0094B6AF /* Products */,
			);
			sourceTree = "<group>";
		};
		608D1DFA2715CB8D0094B6AF /* Products */ = {
			isa = PBXGroup;
			children = (
				608D1DF92715CB8D0094B6AF /* Olexsii Card.app */,
			);
			name = Products;
			sourceTree = "<group>";
		};
		608D1DFB2715CB8D0094B6AF /* Olexsii Card */ = {
			isa = PBXGroup;
			children = (
				608D1E0D2715E5280094B6AF /* Olexsii-Card-Info.plist */,
				608D1DFC2715CB8D0094B6AF /* Olexsii_CardApp.swift */,
				60C58AAA272011F900B85B83 /* Controller */,
				60C58AA82720117E00B85B83 /* Model */,
				608D1E002715CB8F0094B6AF /* Assets.xcassets */,
				608D1E0A2715E2040094B6AF /* Font */,
				608D1E022715CB8F0094B6AF /* Preview Content */,
			);
			path = "Olexsii Card";
			sourceTree = "<group>";
		};
		608D1E022715CB8F0094B6AF /* Preview Content */ = {
			isa = PBXGroup;
			children = (
				608D1E032715CB8F0094B6AF /* Preview Assets.xcassets */,
			);
			path = "Preview Content";
			sourceTree = "<group>";
		};
		608D1E0A2715E2040094B6AF /* Font */ = {
			isa = PBXGroup;
			children = (
				6087B09D271F3E8B00FCA690 /* Cairo.ttf */,
				6087B09E271F3F7100FCA690 /* SignikaNegative-Regular.ttf */,
			);
			path = Font;
			sourceTree = "<group>";
		};
		60C58AA82720117E00B85B83 /* Model */ = {
			isa = PBXGroup;
			children = (
				608D1E1227161B430094B6AF /* InfoView.swift */,
			);
			path = Model;
			sourceTree = "<group>";
		};
		60C58AAA272011F900B85B83 /* Controller */ = {
			isa = PBXGroup;
			children = (
				608D1DFE2715CB8D0094B6AF /* ContentView.swift */,
			);
			path = Controller;
			sourceTree = "<group>";
		};
/* End PBXGroup section */

/* Begin PBXNativeTarget section */
		608D1DF82715CB8D0094B6AF /* Olexsii Card */ = {
			isa = PBXNativeTarget;
			buildConfigurationList = 608D1E072715CB8F0094B6AF /* Build configuration list for PBXNativeTarget "Olexsii Card" */;
			buildPhases = (
				608D1DF52715CB8D0094B6AF /* Sources */,
				608D1DF62715CB8D0094B6AF /* Frameworks */,
				608D1DF72715CB8D0094B6AF /* Resources */,
			);
			buildRules = (
			);
			dependencies = (
			);
			name = "Olexsii Card";
			productName = "Olexsii Card";
			productReference = 608D1DF92715CB8D0094B6AF /* Olexsii Card.app */;
			productType = "com.apple.product-type.application";
		};
/* End PBXNativeTarget section */

/* Begin PBXProject section */
		608D1DF12715CB8D0094B6AF /* Project object */ = {
			isa = PBXProject;
			attributes = {
				BuildIndependentTargetsInParallel = 1;
				LastSwiftUpdateCheck = 1300;
				LastUpgradeCheck = 1300;
				TargetAttributes = {
					608D1DF82715CB8D0094B6AF = {
						CreatedOnToolsVersion = 13.0;
					};
				};
			};
			buildConfigurationList = 608D1DF42715CB8D0094B6AF /* Build configuration list for PBXProject "Olexsii Card" */;
			compatibilityVersion = "Xcode 13.0";
			developmentRegion = en;
			hasScannedForEncodings = 0;
			knownRegions = (
				en,
				Base,
			);
			mainGroup = 608D1DF02715CB8D0094B6AF;
			productRefGroup = 608D1DFA2715CB8D0094B6AF /* Products */;
			projectDirPath = "";
			projectRoot = "";
			targets = (
				608D1DF82715CB8D0094B6AF /* Olexsii Card */,
			);
		};
/* End PBXProject section */

/* Begin PBXResourcesBuildPhase section */
		608D1DF72715CB8D0094B6AF /* Resources */ = {
			isa = PBXResourcesBuildPhase;
			buildActionMask = 2147483647;
			files = (
				60AAD75127E2067D00E86206 /* README.md in Resources */,
				608D1E042715CB8F0094B6AF /* Preview Assets.xcassets in Resources */,
				608D1E012715CB8F0094B6AF /* Assets.xcassets in Resources */,
			);
			runOnlyForDeploymentPostprocessing = 0;
		};
/* End PBXResourcesBuildPhase section */

/* Begin PBXSourcesBuildPhase section */
		608D1DF52715CB8D0094B6AF /* Sources */ = {
			isa = PBXSourcesBuildPhase;
			buildActionMask = 2147483647;
			files = (
				608D1DFF2715CB8D0094B6AF /* ContentView.swift in Sources */,
				608D1E1327161B430094B6AF /* InfoView.swift in Sources */,
				608D1DFD2715CB8D0094B6AF /* Olexsii_CardApp.swift in Sources */,
			);
			runOnlyForDeploymentPostprocessing = 0;
		};
/* End PBXSourcesBuildPhase section */

/* Begin XCBuildConfiguration section */
		608D1E052715CB8F0094B6AF /* Debug */ = {
			isa = XCBuildConfiguration;
			buildSettings = {
				ALWAYS_SEARCH_USER_PATHS = NO;
				CLANG_ANALYZER_NONNULL = YES;
				CLANG_ANALYZER_NUMBER_OBJECT_CONVERSION = YES_AGGRESSIVE;
				CLANG_CXX_LANGUAGE_STANDARD = "gnu++17";
				CLANG_CXX_LIBRARY = "libc++";
				CLANG_ENABLE_MODULES = YES;
				CLANG_ENABLE_OBJC_ARC = YES;
				CLANG_ENABLE_OBJC_WEAK = YES;
				CLANG_WARN_BLOCK_CAPTURE_AUTORELEASING = YES;
				CLANG_WARN_BOOL_CONVERSION = YES;
				CLANG_WARN_COMMA = YES;
				CLANG_WARN_CONSTANT_CONVERSION = YES;
				CLANG_WARN_DEPRECATED_OBJC_IMPLEMENTATIONS = YES;
				CLANG_WARN_DIRECT_OBJC_ISA_USAGE = YES_ERROR;
				CLANG_WARN_DOCUMENTATION_COMMENTS = YES;
				CLANG_WARN_EMPTY_BODY = YES;
				CLANG_WARN_ENUM_CONVERSION = YES;
				CLANG_WARN_INFINITE_RECURSION = YES;
				CLANG_WARN_INT_CONVERSION = YES;
				CLANG_WARN_NON_LITERAL_NULL_CONVERSION = YES;
				CLANG_WARN_OBJC_IMPLICIT_RETAIN_SELF = YES;
				CLANG_WARN_OBJC_LITERAL_CONVERSION = YES;
				CLANG_WARN_OBJC_ROOT_CLASS = YES_ERROR;
				CLANG_WARN_QUOTED_INCLUDE_IN_FRAMEWORK_HEADER = YES;
				CLANG_WARN_RANGE_LOOP_ANALYSIS = YES;
				CLANG_WARN_STRICT_PROTOTYPES = YES;
				CLANG_WARN_SUSPICIOUS_MOVE = YES;
				CLANG_WARN_UNGUARDED_AVAILABILITY = YES_AGGRESSIVE;
				CLANG_WARN_UNREACHABLE_CODE = YES;
				CLANG_WARN__DUPLICATE_METHOD_MATCH = YES;
				COPY_PHASE_STRIP = NO;
				DEBUG_INFORMATION_FORMAT = dwarf;
				ENABLE_STRICT_OBJC_MSGSEND = YES;
				ENABLE_TESTABILITY = YES;
				GCC_C_LANGUAGE_STANDARD = gnu11;
				GCC_DYNAMIC_NO_PIC = NO;
				GCC_NO_COMMON_BLOCKS = YES;
				GCC_OPTIMIZATION_LEVEL = 0;
				GCC_PREPROCESSOR_DEFINITIONS = (
					"DEBUG=1",
					"$(inherited)",
				);
				GCC_WARN_64_TO_32_BIT_CONVERSION = YES;
				GCC_WARN_ABOUT_RETURN_TYPE = YES_ERROR;
				GCC_WARN_UNDECLARED_SELECTOR = YES;
				GCC_WARN_UNINITIALIZED_AUTOS = YES_AGGRESSIVE;
				GCC_WARN_UNUSED_FUNCTION = YES;
				GCC_WARN_UNUSED_VARIABLE = YES;
				IPHONEOS_DEPLOYMENT_TARGET = 15.0;
				MTL_ENABLE_DEBUG_INFO = INCLUDE_SOURCE;
				MTL_FAST_MATH = YES;
				ONLY_ACTIVE_ARCH = YES;
				SDKROOT = iphoneos;
				SWIFT_ACTIVE_COMPILATION_CONDITIONS = DEBUG;
				SWIFT_OPTIMIZATION_LEVEL = "-Onone";
			};
			name = Debug;
		};
		608D1E062715CB8F0094B6AF /* Release */ = {
			isa = XCBuildConfiguration;
			buildSettings = {
				ALWAYS_SEARCH_USER_PATHS = NO;
				CLANG_ANALYZER_NONNULL = YES;
				CLANG_ANALYZER_NUMBER_OBJECT_CONVERSION = YES_AGGRESSIVE;
				CLANG_CXX_LANGUAGE_STANDARD = "gnu++17";
				CLANG_CXX_LIBRARY = "libc++";
				CLANG_ENABLE_MODULES = YES;
				CLANG_ENABLE_OBJC_ARC = YES;
				CLANG_ENABLE_OBJC_WEAK = YES;
				CLANG_WARN_BLOCK_CAPTURE_AUTORELEASING = YES;
				CLANG_WARN_BOOL_CONVERSION = YES;
				CLANG_WARN_COMMA = YES;
				CLANG_WARN_CONSTANT_CONVERSION = YES;
				CLANG_WARN_DEPRECATED_OBJC_IMPLEMENTATIONS = YES;
				CLANG_WARN_DIRECT_OBJC_ISA_USAGE = YES_ERROR;
				CLANG_WARN_DOCUMENTATION_COMMENTS = YES;
				CLANG_WARN_EMPTY_BODY = YES;
				CLANG_WARN_ENUM_CONVERSION = YES;
				CLANG_WARN_INFINITE_RECURSION = YES;
				CLANG_WARN_INT_CONVERSION = YES;
				CLANG_WARN_NON_LITERAL_NULL_CONVERSION = YES;
				CLANG_WARN_OBJC_IMPLICIT_RETAIN_SELF = YES;
				CLANG_WARN_OBJC_LITERAL_CONVERSION = YES;
				CLANG_WARN_OBJC_ROOT_CLASS = YES_ERROR;
				CLANG_WARN_QUOTED_INCLUDE_IN_FRAMEWORK_HEADER = YES;
				CLANG_WARN_RANGE_LOOP_ANALYSIS = YES;
				CLANG_WARN_STRICT_PROTOTYPES = YES;
				CLANG_WARN_SUSPICIOUS_MOVE = YES;
				CLANG_WARN_UNGUARDED_AVAILABILITY = YES_AGGRESSIVE;
				CLANG_WARN_UNREACHABLE_CODE = YES;
				CLANG_WARN__DUPLICATE_METHOD_MATCH = YES;
				COPY_PHASE_STRIP = NO;
				DEBUG_INFORMATION_FORMAT = "dwarf-with-dsym";
				ENABLE_NS_ASSERTIONS = NO;
				ENABLE_STRICT_OBJC_MSGSEND = YES;
				GCC_C_LANGUAGE_STANDARD = gnu11;
				GCC_NO_COMMON_BLOCKS = YES;
				GCC_WARN_64_TO_32_BIT_CONVERSION = YES;
				GCC_WARN_ABOUT_RETURN_TYPE = YES_ERROR;
				GCC_WARN_UNDECLARED_SELECTOR = YES;
				GCC_WARN_UNINITIALIZED_AUTOS = YES_AGGRESSIVE;
				GCC_WARN_UNUSED_FUNCTION = YES;
				GCC_WARN_UNUSED_VARIABLE = YES;
				IPHONEOS_DEPLOYMENT_TARGET = 15.0;
				MTL_ENABLE_DEBUG_INFO = NO;
				MTL_FAST_MATH = YES;
				SDKROOT = iphoneos;
				SWIFT_COMPILATION_MODE = wholemodule;
				SWIFT_OPTIMIZATION_LEVEL = "-O";
				VALIDATE_PRODUCT = YES;
			};
			name = Release;
		};
		608D1E082715CB8F0094B6AF /* Debug */ = {
			isa = XCBuildConfiguration;
			buildSettings = {
				ASSETCATALOG_COMPILER_APPICON_NAME = AppIcon;
				ASSETCATALOG_COMPILER_GLOBAL_ACCENT_COLOR_NAME = AccentColor;
				CODE_SIGN_STYLE = Automatic;
				CURRENT_PROJECT_VERSION = 1;
				DEVELOPMENT_ASSET_PATHS = "\"Olexsii Card/Preview Content\"";
				DEVELOPMENT_TEAM = 52244XZHVN;
				ENABLE_PREVIEWS = YES;
				GENERATE_INFOPLIST_FILE = YES;
				INFOPLIST_FILE = "Olexsii-Card-Info.plist";
				INFOPLIST_KEY_UIApplicationSceneManifest_Generation = YES;
				INFOPLIST_KEY_UIApplicationSupportsIndirectInputEvents = YES;
				INFOPLIST_KEY_UILaunchScreen_Generation = YES;
				INFOPLIST_KEY_UISupportedInterfaceOrientations_iPad = "UIInterfaceOrientationPortrait UIInterfaceOrientationPortraitUpsideDown UIInterfaceOrientationLandscapeLeft UIInterfaceOrientationLandscapeRight";
				INFOPLIST_KEY_UISupportedInterfaceOrientations_iPhone = "UIInterfaceOrientationPortrait UIInterfaceOrientationLandscapeLeft UIInterfaceOrientationLandscapeRight";
				IPHONEOS_DEPLOYMENT_TARGET = 14.0;
				LD_RUNPATH_SEARCH_PATHS = (
					"$(inherited)",
					"@executable_path/Frameworks",
				);
				MARKETING_VERSION = 1.0;
				PRODUCT_BUNDLE_IDENTIFIER = "Olexsii-Levchenko.Olexsii-Card";
				PRODUCT_NAME = "$(TARGET_NAME)";
				SWIFT_EMIT_LOC_STRINGS = YES;
				SWIFT_VERSION = 5.0;
				TARGETED_DEVICE_FAMILY = "1,2";
			};
			name = Debug;
		};
		608D1E092715CB8F0094B6AF /* Release */ = {
			isa = XCBuildConfiguration;
			buildSettings = {
				ASSETCATALOG_COMPILER_APPICON_NAME = AppIcon;
				ASSETCATALOG_COMPILER_GLOBAL_ACCENT_COLOR_NAME = AccentColor;
				CODE_SIGN_STYLE = Automatic;
				CURRENT_PROJECT_VERSION = 1;
				DEVELOPMENT_ASSET_PATHS = "\"Olexsii Card/Preview Content\"";
				DEVELOPMENT_TEAM = 52244XZHVN;
				ENABLE_PREVIEWS = YES;
				GENERATE_INFOPLIST_FILE = YES;
				INFOPLIST_FILE = "Olexsii-Card-Info.plist";
				INFOPLIST_KEY_UIApplicationSceneManifest_Generation = YES;
				INFOPLIST_KEY_UIApplicationSupportsIndirectInputEvents = YES;
				INFOPLIST_KEY_UILaunchScreen_Generation = YES;
				INFOPLIST_KEY_UISupportedInterfaceOrientations_iPad = "UIInterfaceOrientationPortrait UIInterfaceOrientationPortraitUpsideDown UIInterfaceOrientationLandscapeLeft UIInterfaceOrientationLandscapeRight";
				INFOPLIST_KEY_UISupportedInterfaceOrientations_iPhone = "UIInterfaceOrientationPortrait UIInterfaceOrientationLandscapeLeft UIInterfaceOrientationLandscapeRight";
				IPHONEOS_DEPLOYMENT_TARGET = 14.0;
				LD_RUNPATH_SEARCH_PATHS = (
					"$(inherited)",
					"@executable_path/Frameworks",
				);
				MARKETING_VERSION = 1.0;
				PRODUCT_BUNDLE_IDENTIFIER = "Olexsii-Levchenko.Olexsii-Card";
				PRODUCT_NAME = "$(TARGET_NAME)";
				SWIFT_EMIT_LOC_STRINGS = YES;
				SWIFT_VERSION = 5.0;
				TARGETED_DEVICE_FAMILY = "1,2";
			};
			name = Release;
		};
/* End XCBuildConfiguration section */

/* Begin XCConfigurationList section */
		608D1DF42715CB8D0094B6AF /* Build configuration list for PBXProject "Olexsii Card" */ = {
			isa = XCConfigurationList;
			buildConfigurations = (
				608D1E052715CB8F0094B6AF /* Debug */,
				608D1E062715CB8F0094B6AF /* Release */,
			);
			defaultConfigurationIsVisible = 0;
			defaultConfigurationName = Release;
		};
		608D1E072715CB8F0094B6AF /* Build configuration list for PBXNativeTarget "Olexsii Card" */ = {
			isa = XCConfigurationList;
			buildConfigurations = (
				608D1E082715CB8F0094B6AF /* Debug */,
				608D1E092715CB8F0094B6AF /* Release */,
			);
			defaultConfigurationIsVisible = 0;
			defaultConfigurationName = Release;
		};
/* End XCConfigurationList section */
	};
	rootObject = 608D1DF12715CB8D0094B6AF /* Project object */;
}
